
Microsoft Visual Studio Solution File, Format Version 12.00
# Visual Studio Version 17
VisualStudioVersion = 17.13.35825.156 d17.13
MinimumVisualStudioVersion = 10.0.40219.1
Project("{FAE04EC0-301F-11D3-BF4B-00C04F79EFBC}") = "MiniBankSystem_1", "MiniBankSystem_1.csproj", "{56D95C06-C3E6-4424-AF56-2E540FA48FB4}"
EndProject
Global
	GlobalSection(SolutionConfigurationPlatforms) = preSolution
		Debug|Any CPU = Debug|Any CPU
		Release|Any CPU = Release|Any CPU
	EndGlobalSection
	GlobalSection(ProjectConfigurationPlatforms) = postSolution
		{56D95C06-C3E6-4424-AF56-2E540FA48FB4}.Debug|Any CPU.ActiveCfg = Debug|Any CPU
		{56D95C06-C3E6-4424-AF56-2E540FA48FB4}.Debug|Any CPU.Build.0 = Debug|Any CPU
		{56D95C06-C3E6-4424-AF56-2E540FA48FB4}.Release|Any CPU.ActiveCfg = Release|Any CPU
		{56D95C06-C3E6-4424-AF56-2E540FA48FB4}.Release|Any CPU.Build.0 = Release|Any CPU
	EndGlobalSection
	GlobalSection(SolutionProperties) = preSolution
		HideSolutionNode = FALSE
	EndGlobalSection
	GlobalSection(ExtensibilityGlobals) = postSolution
		SolutionGuid = {792ADBCD-6DB2-4386-A772-5AF3227A2B73}
	EndGlobalSection
EndGlobal
